// !$*UTF8*$!
{
	archiveVersion = 1;
	classes = {
	};
	objectVersion = 46;
	objects = {

/* Begin PBXBuildFile section */
		197AEDA920CB87D400B66A74 /* Localizable.strings in Resources */ = {isa = PBXBuildFile; fileRef = 197AEDAB20CB87D400B66A74 /* Localizable.strings */; };
		198550461FAE45CE00E9BAE0 /* SettingsViewController.swift in Sources */ = {isa = PBXBuildFile; fileRef = 198550451FAE45CE00E9BAE0 /* SettingsViewController.swift */; };
		1D1EAF95F28277639BBD8601 /* Pods_Tippy.framework in Frameworks */ = {isa = PBXBuildFile; fileRef = 97C49287628827DA533F1739 /* Pods_Tippy.framework */; };
		2021FE6D95427E426B9C5AB2 /* Pods_TippyTests.framework in Frameworks */ = {isa = PBXBuildFile; fileRef = 317DC9D822AB38D300235AA0 /* Pods_TippyTests.framework */; };
		3494874C26CAD7BFE4A8E4C5 /* Pods_TippyUITests.framework in Frameworks */ = {isa = PBXBuildFile; fileRef = 1197DF97ACD5F4197D50123E /* Pods_TippyUITests.framework */; };
		46A59CE21EF9BCCB00EE5CAE /* AppDelegate.swift in Sources */ = {isa = PBXBuildFile; fileRef = 46A59CE11EF9BCCB00EE5CAE /* AppDelegate.swift */; };
		46A59CE41EF9BCCB00EE5CAE /* ViewController.swift in Sources */ = {isa = PBXBuildFile; fileRef = 46A59CE31EF9BCCB00EE5CAE /* ViewController.swift */; };
		46A59CE71EF9BCCB00EE5CAE /* Main.storyboard in Resources */ = {isa = PBXBuildFile; fileRef = 46A59CE51EF9BCCB00EE5CAE /* Main.storyboard */; };
		46A59CE91EF9BCCB00EE5CAE /* Assets.xcassets in Resources */ = {isa = PBXBuildFile; fileRef = 46A59CE81EF9BCCB00EE5CAE /* Assets.xcassets */; };
		46A59CEC1EF9BCCB00EE5CAE /* LaunchScreen.storyboard in Resources */ = {isa = PBXBuildFile; fileRef = 46A59CEA1EF9BCCB00EE5CAE /* LaunchScreen.storyboard */; };
		46A59CF71EF9BCCC00EE5CAE /* TippyTests.swift in Sources */ = {isa = PBXBuildFile; fileRef = 46A59CF61EF9BCCC00EE5CAE /* TippyTests.swift */; };
		46A59D021EF9BCCC00EE5CAE /* TippyUITests.swift in Sources */ = {isa = PBXBuildFile; fileRef = 46A59D011EF9BCCC00EE5CAE /* TippyUITests.swift */; };
/* End PBXBuildFile section */

/* Begin PBXContainerItemProxy section */
		46A59CF31EF9BCCC00EE5CAE /* PBXContainerItemProxy */ = {
			isa = PBXContainerItemProxy;
			containerPortal = 46A59CD61EF9BCCB00EE5CAE /* Project object */;
			proxyType = 1;
			remoteGlobalIDString = 46A59CDD1EF9BCCB00EE5CAE;
			remoteInfo = Tippy;
		};
		46A59CFE1EF9BCCC00EE5CAE /* PBXContainerItemProxy */ = {
			isa = PBXContainerItemProxy;
			containerPortal = 46A59CD61EF9BCCB00EE5CAE /* Project object */;
			proxyType = 1;
			remoteGlobalIDString = 46A59CDD1EF9BCCB00EE5CAE;
			remoteInfo = Tippy;
		};
/* End PBXContainerItemProxy section */

/* Begin PBXFileReference section */
		1197DF97ACD5F4197D50123E /* Pods_TippyUITests.framework */ = {isa = PBXFileReference; explicitFileType = wrapper.framework; includeInIndex = 0; path = Pods_TippyUITests.framework; sourceTree = BUILT_PRODUCTS_DIR; };
		197AEDA520CB85FD00B66A74 /* es */ = {isa = PBXFileReference; lastKnownFileType = text.plist.strings; name = es; path = es.lproj/Main.strings; sourceTree = "<group>"; };
		197AEDA620CB85FD00B66A74 /* es */ = {isa = PBXFileReference; lastKnownFileType = text.plist.strings; name = es; path = es.lproj/LaunchScreen.strings; sourceTree = "<group>"; };
		197AEDAA20CB87D400B66A74 /* en */ = {isa = PBXFileReference; lastKnownFileType = text.plist.strings; name = en; path = en.lproj/Localizable.strings; sourceTree = "<group>"; };
		197AEDAC20CB87D700B66A74 /* es */ = {isa = PBXFileReference; lastKnownFileType = text.plist.strings; name = es; path = es.lproj/Localizable.strings; sourceTree = "<group>"; };
		198550451FAE45CE00E9BAE0 /* SettingsViewController.swift */ = {isa = PBXFileReference; lastKnownFileType = sourcecode.swift; path = SettingsViewController.swift; sourceTree = "<group>"; };
		20C35379C85B63E32573D1B9 /* Pods-TippyTests.debug.xcconfig */ = {isa = PBXFileReference; includeInIndex = 1; lastKnownFileType = text.xcconfig; name = "Pods-TippyTests.debug.xcconfig"; path = "Pods/Target Support Files/Pods-TippyTests/Pods-TippyTests.debug.xcconfig"; sourceTree = "<group>"; };
		317DC9D822AB38D300235AA0 /* Pods_TippyTests.framework */ = {isa = PBXFileReference; explicitFileType = wrapper.framework; includeInIndex = 0; path = Pods_TippyTests.framework; sourceTree = BUILT_PRODUCTS_DIR; };
		3447AD3E5FFCCBCCF44D6D45 /* Pods-TippyUITests.debug.xcconfig */ = {isa = PBXFileReference; includeInIndex = 1; lastKnownFileType = text.xcconfig; name = "Pods-TippyUITests.debug.xcconfig"; path = "Pods/Target Support Files/Pods-TippyUITests/Pods-TippyUITests.debug.xcconfig"; sourceTree = "<group>"; };
		46A59CDE1EF9BCCB00EE5CAE /* Tippy.app */ = {isa = PBXFileReference; explicitFileType = wrapper.application; includeInIndex = 0; path = Tippy.app; sourceTree = BUILT_PRODUCTS_DIR; };
		46A59CE11EF9BCCB00EE5CAE /* AppDelegate.swift */ = {isa = PBXFileReference; lastKnownFileType = sourcecode.swift; path = AppDelegate.swift; sourceTree = "<group>"; };
		46A59CE31EF9BCCB00EE5CAE /* ViewController.swift */ = {isa = PBXFileReference; lastKnownFileType = sourcecode.swift; path = ViewController.swift; sourceTree = "<group>"; };
		46A59CE61EF9BCCB00EE5CAE /* Base */ = {isa = PBXFileReference; lastKnownFileType = file.storyboard; name = Base; path = Base.lproj/Main.storyboard; sourceTree = "<group>"; };
		46A59CE81EF9BCCB00EE5CAE /* Assets.xcassets */ = {isa = PBXFileReference; lastKnownFileType = folder.assetcatalog; path = Assets.xcassets; sourceTree = "<group>"; };
		46A59CEB1EF9BCCB00EE5CAE /* Base */ = {isa = PBXFileReference; lastKnownFileType = file.storyboard; name = Base; path = Base.lproj/LaunchScreen.storyboard; sourceTree = "<group>"; };
		46A59CED1EF9BCCB00EE5CAE /* Info.plist */ = {isa = PBXFileReference; lastKnownFileType = text.plist.xml; path = Info.plist; sourceTree = "<group>"; };
		46A59CF21EF9BCCC00EE5CAE /* TippyTests.xctest */ = {isa = PBXFileReference; explicitFileType = wrapper.cfbundle; includeInIndex = 0; path = TippyTests.xctest; sourceTree = BUILT_PRODUCTS_DIR; };
		46A59CF61EF9BCCC00EE5CAE /* TippyTests.swift */ = {isa = PBXFileReference; lastKnownFileType = sourcecode.swift; path = TippyTests.swift; sourceTree = "<group>"; };
		46A59CF81EF9BCCC00EE5CAE /* Info.plist */ = {isa = PBXFileReference; lastKnownFileType = text.plist.xml; path = Info.plist; sourceTree = "<group>"; };
		46A59CFD1EF9BCCC00EE5CAE /* TippyUITests.xctest */ = {isa = PBXFileReference; explicitFileType = wrapper.cfbundle; includeInIndex = 0; path = TippyUITests.xctest; sourceTree = BUILT_PRODUCTS_DIR; };
		46A59D011EF9BCCC00EE5CAE /* TippyUITests.swift */ = {isa = PBXFileReference; lastKnownFileType = sourcecode.swift; path = TippyUITests.swift; sourceTree = "<group>"; };
		46A59D031EF9BCCC00EE5CAE /* Info.plist */ = {isa = PBXFileReference; lastKnownFileType = text.plist.xml; path = Info.plist; sourceTree = "<group>"; };
		8468583FF4A788681B3E14A5 /* Pods-Tippy.debug.xcconfig */ = {isa = PBXFileReference; includeInIndex = 1; lastKnownFileType = text.xcconfig; name = "Pods-Tippy.debug.xcconfig"; path = "Pods/Target Support Files/Pods-Tippy/Pods-Tippy.debug.xcconfig"; sourceTree = "<group>"; };
		9286D2EDB4B75C4E040FAF3B /* Pods-TippyTests.release.xcconfig */ = {isa = PBXFileReference; includeInIndex = 1; lastKnownFileType = text.xcconfig; name = "Pods-TippyTests.release.xcconfig"; path = "Pods/Target Support Files/Pods-TippyTests/Pods-TippyTests.release.xcconfig"; sourceTree = "<group>"; };
		96327D0A31D746513844EFA2 /* Pods-Tippy.release.xcconfig */ = {isa = PBXFileReference; includeInIndex = 1; lastKnownFileType = text.xcconfig; name = "Pods-Tippy.release.xcconfig"; path = "Pods/Target Support Files/Pods-Tippy/Pods-Tippy.release.xcconfig"; sourceTree = "<group>"; };
		97C49287628827DA533F1739 /* Pods_Tippy.framework */ = {isa = PBXFileReference; explicitFileType = wrapper.framework; includeInIndex = 0; path = Pods_Tippy.framework; sourceTree = BUILT_PRODUCTS_DIR; };
		C515FD0D6E484029A717DD1A /* Pods-TippyUITests.release.xcconfig */ = {isa = PBXFileReference; includeInIndex = 1; lastKnownFileType = text.xcconfig; name = "Pods-TippyUITests.release.xcconfig"; path = "Pods/Target Support Files/Pods-TippyUITests/Pods-TippyUITests.release.xcconfig"; sourceTree = "<group>"; };
/* End PBXFileReference section */

/* Begin PBXFrameworksBuildPhase section */
		46A59CDB1EF9BCCB00EE5CAE /* Frameworks */ = {
			isa = PBXFrameworksBuildPhase;
			buildActionMask = 2147483647;
			files = (
				1D1EAF95F28277639BBD8601 /* Pods_Tippy.framework in Frameworks */,
			);
			runOnlyForDeploymentPostprocessing = 0;
		};
		46A59CEF1EF9BCCC00EE5CAE /* Frameworks */ = {
			isa = PBXFrameworksBuildPhase;
			buildActionMask = 2147483647;
			files = (
				2021FE6D95427E426B9C5AB2 /* Pods_TippyTests.framework in Frameworks */,
			);
			runOnlyForDeploymentPostprocessing = 0;
		};
		46A59CFA1EF9BCCC00EE5CAE /* Frameworks */ = {
			isa = PBXFrameworksBuildPhase;
			buildActionMask = 2147483647;
			files = (
				3494874C26CAD7BFE4A8E4C5 /* Pods_TippyUITests.framework in Frameworks */,
			);
			runOnlyForDeploymentPostprocessing = 0;
		};
/* End PBXFrameworksBuildPhase section */

/* Begin PBXGroup section */
		46A59CD51EF9BCCB00EE5CAE = {
			isa = PBXGroup;
			children = (
				46A59CE01EF9BCCB00EE5CAE /* Tippy */,
				46A59CF51EF9BCCC00EE5CAE /* TippyTests */,
				46A59D001EF9BCCC00EE5CAE /* TippyUITests */,
				46A59CDF1EF9BCCB00EE5CAE /* Products */,
				F86A6710E921AF3AF93A1985 /* Pods */,
				D1867F0B4AAE5E1F2C860D0E /* Frameworks */,
			);
			sourceTree = "<group>";
		};
		46A59CDF1EF9BCCB00EE5CAE /* Products */ = {
			isa = PBXGroup;
			children = (
				46A59CDE1EF9BCCB00EE5CAE /* Tippy.app */,
				46A59CF21EF9BCCC00EE5CAE /* TippyTests.xctest */,
				46A59CFD1EF9BCCC00EE5CAE /* TippyUITests.xctest */,
			);
			name = Products;
			sourceTree = "<group>";
		};
		46A59CE01EF9BCCB00EE5CAE /* Tippy */ = {
			isa = PBXGroup;
			children = (
				46A59CE11EF9BCCB00EE5CAE /* AppDelegate.swift */,
				46A59CE31EF9BCCB00EE5CAE /* ViewController.swift */,
				46A59CE51EF9BCCB00EE5CAE /* Main.storyboard */,
				198550451FAE45CE00E9BAE0 /* SettingsViewController.swift */,
				46A59CE81EF9BCCB00EE5CAE /* Assets.xcassets */,
				46A59CEA1EF9BCCB00EE5CAE /* LaunchScreen.storyboard */,
				46A59CED1EF9BCCB00EE5CAE /* Info.plist */,
				197AEDAB20CB87D400B66A74 /* Localizable.strings */,
			);
			path = Tippy;
			sourceTree = "<group>";
		};
		46A59CF51EF9BCCC00EE5CAE /* TippyTests */ = {
			isa = PBXGroup;
			children = (
				46A59CF61EF9BCCC00EE5CAE /* TippyTests.swift */,
				46A59CF81EF9BCCC00EE5CAE /* Info.plist */,
			);
			path = TippyTests;
			sourceTree = "<group>";
		};
		46A59D001EF9BCCC00EE5CAE /* TippyUITests */ = {
			isa = PBXGroup;
			children = (
				46A59D011EF9BCCC00EE5CAE /* TippyUITests.swift */,
				46A59D031EF9BCCC00EE5CAE /* Info.plist */,
			);
			path = TippyUITests;
			sourceTree = "<group>";
		};
		D1867F0B4AAE5E1F2C860D0E /* Frameworks */ = {
			isa = PBXGroup;
			children = (
				97C49287628827DA533F1739 /* Pods_Tippy.framework */,
				317DC9D822AB38D300235AA0 /* Pods_TippyTests.framework */,
				1197DF97ACD5F4197D50123E /* Pods_TippyUITests.framework */,
			);
			name = Frameworks;
			sourceTree = "<group>";
		};
		F86A6710E921AF3AF93A1985 /* Pods */ = {
			isa = PBXGroup;
			children = (
				8468583FF4A788681B3E14A5 /* Pods-Tippy.debug.xcconfig */,
				96327D0A31D746513844EFA2 /* Pods-Tippy.release.xcconfig */,
				20C35379C85B63E32573D1B9 /* Pods-TippyTests.debug.xcconfig */,
				9286D2EDB4B75C4E040FAF3B /* Pods-TippyTests.release.xcconfig */,
				3447AD3E5FFCCBCCF44D6D45 /* Pods-TippyUITests.debug.xcconfig */,
				C515FD0D6E484029A717DD1A /* Pods-TippyUITests.release.xcconfig */,
			);
			name = Pods;
			sourceTree = "<group>";
		};
/* End PBXGroup section */

/* Begin PBXNativeTarget section */
		46A59CDD1EF9BCCB00EE5CAE /* Tippy */ = {
			isa = PBXNativeTarget;
			buildConfigurationList = 46A59D061EF9BCCC00EE5CAE /* Build configuration list for PBXNativeTarget "Tippy" */;
			buildPhases = (
				D364AEFE0EFAA6FE69D28D88 /* [CP] Check Pods Manifest.lock */,
				46A59CDA1EF9BCCB00EE5CAE /* Sources */,
				46A59CDB1EF9BCCB00EE5CAE /* Frameworks */,
				46A59CDC1EF9BCCB00EE5CAE /* Resources */,
				0DADC10125D082AF697FCED3 /* [CP] Embed Pods Frameworks */,
				61AF708AA2CFB5CB91E531E8 /* [CP] Copy Pods Resources */,
			);
			buildRules = (
			);
			dependencies = (
			);
			name = Tippy;
			productName = Tippy;
			productReference = 46A59CDE1EF9BCCB00EE5CAE /* Tippy.app */;
			productType = "com.apple.product-type.application";
		};
		46A59CF11EF9BCCC00EE5CAE /* TippyTests */ = {
			isa = PBXNativeTarget;
			buildConfigurationList = 46A59D091EF9BCCC00EE5CAE /* Build configuration list for PBXNativeTarget "TippyTests" */;
			buildPhases = (
				53E5AC95F5B9E9445B4CCA77 /* [CP] Check Pods Manifest.lock */,
				46A59CEE1EF9BCCC00EE5CAE /* Sources */,
				46A59CEF1EF9BCCC00EE5CAE /* Frameworks */,
				46A59CF01EF9BCCC00EE5CAE /* Resources */,
				391DEEABFA33394B231C2003 /* [CP] Embed Pods Frameworks */,
				1932ED35E85F42F483F93C9E /* [CP] Copy Pods Resources */,
			);
			buildRules = (
			);
			dependencies = (
				46A59CF41EF9BCCC00EE5CAE /* PBXTargetDependency */,
			);
			name = TippyTests;
			productName = TippyTests;
			productReference = 46A59CF21EF9BCCC00EE5CAE /* TippyTests.xctest */;
			productType = "com.apple.product-type.bundle.unit-test";
		};
		46A59CFC1EF9BCCC00EE5CAE /* TippyUITests */ = {
			isa = PBXNativeTarget;
			buildConfigurationList = 46A59D0C1EF9BCCC00EE5CAE /* Build configuration list for PBXNativeTarget "TippyUITests" */;
			buildPhases = (
				9784EAB8B48ABE6CEA084776 /* [CP] Check Pods Manifest.lock */,
				46A59CF91EF9BCCC00EE5CAE /* Sources */,
				46A59CFA1EF9BCCC00EE5CAE /* Frameworks */,
				46A59CFB1EF9BCCC00EE5CAE /* Resources */,
				A4770ED622BAF45B8DFDB05E /* [CP] Embed Pods Frameworks */,
				1635E810C03D9D3ED2E7E9F4 /* [CP] Copy Pods Resources */,
			);
			buildRules = (
			);
			dependencies = (
				46A59CFF1EF9BCCC00EE5CAE /* PBXTargetDependency */,
			);
			name = TippyUITests;
			productName = TippyUITests;
			productReference = 46A59CFD1EF9BCCC00EE5CAE /* TippyUITests.xctest */;
			productType = "com.apple.product-type.bundle.ui-testing";
		};
/* End PBXNativeTarget section */

/* Begin PBXProject section */
		46A59CD61EF9BCCB00EE5CAE /* Project object */ = {
			isa = PBXProject;
			attributes = {
				LastSwiftUpdateCheck = 0830;
				LastUpgradeCheck = 0830;
				ORGANIZATIONNAME = "Malvern Madondo";
				TargetAttributes = {
					46A59CDD1EF9BCCB00EE5CAE = {
						CreatedOnToolsVersion = 8.3.2;
						DevelopmentTeam = JPLF4RZQB9;
						ProvisioningStyle = Automatic;
					};
					46A59CF11EF9BCCC00EE5CAE = {
						CreatedOnToolsVersion = 8.3.2;
						DevelopmentTeam = JPLF4RZQB9;
						ProvisioningStyle = Automatic;
						TestTargetID = 46A59CDD1EF9BCCB00EE5CAE;
					};
					46A59CFC1EF9BCCC00EE5CAE = {
						CreatedOnToolsVersion = 8.3.2;
						DevelopmentTeam = JPLF4RZQB9;
						ProvisioningStyle = Automatic;
						TestTargetID = 46A59CDD1EF9BCCB00EE5CAE;
					};
				};
			};
			buildConfigurationList = 46A59CD91EF9BCCB00EE5CAE /* Build configuration list for PBXProject "Tippy" */;
			compatibilityVersion = "Xcode 3.2";
			developmentRegion = English;
			hasScannedForEncodings = 0;
			knownRegions = (
				en,
				Base,
				es,
			);
			mainGroup = 46A59CD51EF9BCCB00EE5CAE;
			productRefGroup = 46A59CDF1EF9BCCB00EE5CAE /* Products */;
			projectDirPath = "";
			projectRoot = "";
			targets = (
				46A59CDD1EF9BCCB00EE5CAE /* Tippy */,
				46A59CF11EF9BCCC00EE5CAE /* TippyTests */,
				46A59CFC1EF9BCCC00EE5CAE /* TippyUITests */,
			);
		};
/* End PBXProject section */

/* Begin PBXResourcesBuildPhase section */
		46A59CDC1EF9BCCB00EE5CAE /* Resources */ = {
			isa = PBXResourcesBuildPhase;
			buildActionMask = 2147483647;
			files = (
				46A59CEC1EF9BCCB00EE5CAE /* LaunchScreen.storyboard in Resources */,
				197AEDA920CB87D400B66A74 /* Localizable.strings in Resources */,
				46A59CE91EF9BCCB00EE5CAE /* Assets.xcassets in Resources */,
				46A59CE71EF9BCCB00EE5CAE /* Main.storyboard in Resources */,
			);
			runOnlyForDeploymentPostprocessing = 0;
		};
		46A59CF01EF9BCCC00EE5CAE /* Resources */ = {
			isa = PBXResourcesBuildPhase;
			buildActionMask = 2147483647;
			files = (
			);
			runOnlyForDeploymentPostprocessing = 0;
		};
		46A59CFB1EF9BCCC00EE5CAE /* Resources */ = {
			isa = PBXResourcesBuildPhase;
			buildActionMask = 2147483647;
			files = (
			);
			runOnlyForDeploymentPostprocessing = 0;
		};
/* End PBXResourcesBuildPhase section */

/* Begin PBXShellScriptBuildPhase section */
		0DADC10125D082AF697FCED3 /* [CP] Embed Pods Frameworks */ = {
			isa = PBXShellScriptBuildPhase;
			buildActionMask = 2147483647;
			files = (
			);
			inputPaths = (
			);
			name = "[CP] Embed Pods Frameworks";
			outputPaths = (
			);
			runOnlyForDeploymentPostprocessing = 0;
			shellPath = /bin/sh;
			shellScript = "\"${SRCROOT}/Pods/Target Support Files/Pods-Tippy/Pods-Tippy-frameworks.sh\"\n";
			showEnvVarsInLog = 0;
		};
		1635E810C03D9D3ED2E7E9F4 /* [CP] Copy Pods Resources */ = {
			isa = PBXShellScriptBuildPhase;
			buildActionMask = 2147483647;
			files = (
			);
			inputPaths = (
			);
			name = "[CP] Copy Pods Resources";
			outputPaths = (
			);
			runOnlyForDeploymentPostprocessing = 0;
			shellPath = /bin/sh;
			shellScript = "\"${SRCROOT}/Pods/Target Support Files/Pods-TippyUITests/Pods-TippyUITests-resources.sh\"\n";
			showEnvVarsInLog = 0;
		};
		1932ED35E85F42F483F93C9E /* [CP] Copy Pods Resources */ = {
			isa = PBXShellScriptBuildPhase;
			buildActionMask = 2147483647;
			files = (
			);
			inputPaths = (
			);
			name = "[CP] Copy Pods Resources";
			outputPaths = (
			);
			runOnlyForDeploymentPostprocessing = 0;
			shellPath = /bin/sh;
			shellScript = "\"${SRCROOT}/Pods/Target Support Files/Pods-TippyTests/Pods-TippyTests-resources.sh\"\n";
			showEnvVarsInLog = 0;
		};
		391DEEABFA33394B231C2003 /* [CP] Embed Pods Frameworks */ = {
			isa = PBXShellScriptBuildPhase;
			buildActionMask = 2147483647;
			files = (
			);
			inputPaths = (
			);
			name = "[CP] Embed Pods Frameworks";
			outputPaths = (
			);
			runOnlyForDeploymentPostprocessing = 0;
			shellPath = /bin/sh;
			shellScript = "\"${SRCROOT}/Pods/Target Support Files/Pods-TippyTests/Pods-TippyTests-frameworks.sh\"\n";
			showEnvVarsInLog = 0;
		};
		53E5AC95F5B9E9445B4CCA77 /* [CP] Check Pods Manifest.lock */ = {
			isa = PBXShellScriptBuildPhase;
			buildActionMask = 2147483647;
			files = (
			);
			inputPaths = (
			);
			name = "[CP] Check Pods Manifest.lock";
			outputPaths = (
			);
			runOnlyForDeploymentPostprocessing = 0;
			shellPath = /bin/sh;
			shellScript = "diff \"${PODS_PODFILE_DIR_PATH}/Podfile.lock\" \"${PODS_ROOT}/Manifest.lock\" > /dev/null\nif [ $? != 0 ] ; then\n    # print error to STDERR\n    echo \"error: The sandbox is not in sync with the Podfile.lock. Run 'pod install' or update your CocoaPods installation.\" >&2\n    exit 1\nfi\n";
			showEnvVarsInLog = 0;
		};
		61AF708AA2CFB5CB91E531E8 /* [CP] Copy Pods Resources */ = {
			isa = PBXShellScriptBuildPhase;
			buildActionMask = 2147483647;
			files = (
			);
			inputPaths = (
			);
			name = "[CP] Copy Pods Resources";
			outputPaths = (
			);
			runOnlyForDeploymentPostprocessing = 0;
			shellPath = /bin/sh;
			shellScript = "\"${SRCROOT}/Pods/Target Support Files/Pods-Tippy/Pods-Tippy-resources.sh\"\n";
			showEnvVarsInLog = 0;
		};
		9784EAB8B48ABE6CEA084776 /* [CP] Check Pods Manifest.lock */ = {
			isa = PBXShellScriptBuildPhase;
			buildActionMask = 2147483647;
			files = (
			);
			inputPaths = (
			);
			name = "[CP] Check Pods Manifest.lock";
			outputPaths = (
			);
			runOnlyForDeploymentPostprocessing = 0;
			shellPath = /bin/sh;
			shellScript = "diff \"${PODS_PODFILE_DIR_PATH}/Podfile.lock\" \"${PODS_ROOT}/Manifest.lock\" > /dev/null\nif [ $? != 0 ] ; then\n    # print error to STDERR\n    echo \"error: The sandbox is not in sync with the Podfile.lock. Run 'pod install' or update your CocoaPods installation.\" >&2\n    exit 1\nfi\n";
			showEnvVarsInLog = 0;
		};
		A4770ED622BAF45B8DFDB05E /* [CP] Embed Pods Frameworks */ = {
			isa = PBXShellScriptBuildPhase;
			buildActionMask = 2147483647;
			files = (
			);
			inputPaths = (
			);
			name = "[CP] Embed Pods Frameworks";
			outputPaths = (
			);
			runOnlyForDeploymentPostprocessing = 0;
			shellPath = /bin/sh;
			shellScript = "\"${SRCROOT}/Pods/Target Support Files/Pods-TippyUITests/Pods-TippyUITests-frameworks.sh\"\n";
			showEnvVarsInLog = 0;
		};
		D364AEFE0EFAA6FE69D28D88 /* [CP] Check Pods Manifest.lock */ = {
			isa = PBXShellScriptBuildPhase;
			buildActionMask = 2147483647;
			files = (
			);
			inputPaths = (
			);
			name = "[CP] Check Pods Manifest.lock";
			outputPaths = (
			);
			runOnlyForDeploymentPostprocessing = 0;
			shellPath = /bin/sh;
			shellScript = "diff \"${PODS_PODFILE_DIR_PATH}/Podfile.lock\" \"${PODS_ROOT}/Manifest.lock\" > /dev/null\nif [ $? != 0 ] ; then\n    # print error to STDERR\n    echo \"error: The sandbox is not in sync with the Podfile.lock. Run 'pod install' or update your CocoaPods installation.\" >&2\n    exit 1\nfi\n";
			showEnvVarsInLog = 0;
		};
/* End PBXShellScriptBuildPhase section */

/* Begin PBXSourcesBuildPhase section */
		46A59CDA1EF9BCCB00EE5CAE /* Sources */ = {
			isa = PBXSourcesBuildPhase;
			buildActionMask = 2147483647;
			files = (
				46A59CE41EF9BCCB00EE5CAE /* ViewController.swift in Sources */,
				46A59CE21EF9BCCB00EE5CAE /* AppDelegate.swift in Sources */,
				198550461FAE45CE00E9BAE0 /* SettingsViewController.swift in Sources */,
			);
			runOnlyForDeploymentPostprocessing = 0;
		};
		46A59CEE1EF9BCCC00EE5CAE /* Sources */ = {
			isa = PBXSourcesBuildPhase;
			buildActionMask = 2147483647;
			files = (
				46A59CF71EF9BCCC00EE5CAE /* TippyTests.swift in Sources */,
			);
			runOnlyForDeploymentPostprocessing = 0;
		};
		46A59CF91EF9BCCC00EE5CAE /* Sources */ = {
			isa = PBXSourcesBuildPhase;
			buildActionMask = 2147483647;
			files = (
				46A59D021EF9BCCC00EE5CAE /* TippyUITests.swift in Sources */,
			);
			runOnlyForDeploymentPostprocessing = 0;
		};
/* End PBXSourcesBuildPhase section */

/* Begin PBXTargetDependency section */
		46A59CF41EF9BCCC00EE5CAE /* PBXTargetDependency */ = {
			isa = PBXTargetDependency;
			target = 46A59CDD1EF9BCCB00EE5CAE /* Tippy */;
			targetProxy = 46A59CF31EF9BCCC00EE5CAE /* PBXContainerItemProxy */;
		};
		46A59CFF1EF9BCCC00EE5CAE /* PBXTargetDependency */ = {
			isa = PBXTargetDependency;
			target = 46A59CDD1EF9BCCB00EE5CAE /* Tippy */;
			targetProxy = 46A59CFE1EF9BCCC00EE5CAE /* PBXContainerItemProxy */;
		};
/* End PBXTargetDependency section */

/* Begin PBXVariantGroup section */
		197AEDAB20CB87D400B66A74 /* Localizable.strings */ = {
			isa = PBXVariantGroup;
			children = (
				197AEDAA20CB87D400B66A74 /* en */,
				197AEDAC20CB87D700B66A74 /* es */,
			);
			name = Localizable.strings;
			sourceTree = "<group>";
		};
		46A59CE51EF9BCCB00EE5CAE /* Main.storyboard */ = {
			isa = PBXVariantGroup;
			children = (
				46A59CE61EF9BCCB00EE5CAE /* Base */,
				197AEDA520CB85FD00B66A74 /* es */,
			);
			name = Main.storyboard;
			sourceTree = "<group>";
		};
		46A59CEA1EF9BCCB00EE5CAE /* LaunchScreen.storyboard */ = {
			isa = PBXVariantGroup;
			children = (
				46A59CEB1EF9BCCB00EE5CAE /* Base */,
				197AEDA620CB85FD00B66A74 /* es */,
			);
			name = LaunchScreen.storyboard;
			sourceTree = "<group>";
		};
/* End PBXVariantGroup section */

/* Begin XCBuildConfiguration section */
		46A59D041EF9BCCC00EE5CAE /* Debug */ = {
			isa = XCBuildConfiguration;
			buildSettings = {
				ALWAYS_SEARCH_USER_PATHS = NO;
				CLANG_ANALYZER_LOCALIZABILITY_NONLOCALIZED = YES;
				CLANG_ANALYZER_NONNULL = YES;
				CLANG_ANALYZER_NUMBER_OBJECT_CONVERSION = YES_AGGRESSIVE;
				CLANG_CXX_LANGUAGE_STANDARD = "gnu++0x";
				CLANG_CXX_LIBRARY = "libc++";
				CLANG_ENABLE_MODULES = YES;
				CLANG_ENABLE_OBJC_ARC = YES;
				CLANG_WARN_BOOL_CONVERSION = YES;
				CLANG_WARN_CONSTANT_CONVERSION = YES;
				CLANG_WARN_DIRECT_OBJC_ISA_USAGE = YES_ERROR;
				CLANG_WARN_DOCUMENTATION_COMMENTS = YES;
				CLANG_WARN_EMPTY_BODY = YES;
				CLANG_WARN_ENUM_CONVERSION = YES;
				CLANG_WARN_INFINITE_RECURSION = YES;
				CLANG_WARN_INT_CONVERSION = YES;
				CLANG_WARN_OBJC_ROOT_CLASS = YES_ERROR;
				CLANG_WARN_SUSPICIOUS_MOVE = YES;
				CLANG_WARN_UNREACHABLE_CODE = YES;
				CLANG_WARN__DUPLICATE_METHOD_MATCH = YES;
				"CODE_SIGN_IDENTITY[sdk=iphoneos*]" = "iPhone Developer";
				COPY_PHASE_STRIP = NO;
				DEBUG_INFORMATION_FORMAT = dwarf;
				ENABLE_STRICT_OBJC_MSGSEND = YES;
				ENABLE_TESTABILITY = YES;
				GCC_C_LANGUAGE_STANDARD = gnu99;
				GCC_DYNAMIC_NO_PIC = NO;
				GCC_NO_COMMON_BLOCKS = YES;
				GCC_OPTIMIZATION_LEVEL = 0;
				GCC_PREPROCESSOR_DEFINITIONS = (
					"DEBUG=1",
					"$(inherited)",
				);
				GCC_WARN_64_TO_32_BIT_CONVERSION = YES;
				GCC_WARN_ABOUT_RETURN_TYPE = YES_ERROR;
				GCC_WARN_UNDECLARED_SELECTOR = YES;
				GCC_WARN_UNINITIALIZED_AUTOS = YES_AGGRESSIVE;
				GCC_WARN_UNUSED_FUNCTION = YES;
				GCC_WARN_UNUSED_VARIABLE = YES;
				IPHONEOS_DEPLOYMENT_TARGET = 10.3;
				MTL_ENABLE_DEBUG_INFO = YES;
				ONLY_ACTIVE_ARCH = YES;
				SDKROOT = iphoneos;
				SWIFT_ACTIVE_COMPILATION_CONDITIONS = DEBUG;
				SWIFT_OPTIMIZATION_LEVEL = "-Onone";
			};
			name = Debug;
		};
		46A59D051EF9BCCC00EE5CAE /* Release */ = {
			isa = XCBuildConfiguration;
			buildSettings = {
				ALWAYS_SEARCH_USER_PATHS = NO;
				CLANG_ANALYZER_LOCALIZABILITY_NONLOCALIZED = YES;
				CLANG_ANALYZER_NONNULL = YES;
				CLANG_ANALYZER_NUMBER_OBJECT_CONVERSION = YES_AGGRESSIVE;
				CLANG_CXX_LANGUAGE_STANDARD = "gnu++0x";
				CLANG_CXX_LIBRARY = "libc++";
				CLANG_ENABLE_MODULES = YES;
				CLANG_ENABLE_OBJC_ARC = YES;
				CLANG_WARN_BOOL_CONVERSION = YES;
				CLANG_WARN_CONSTANT_CONVERSION = YES;
				CLANG_WARN_DIRECT_OBJC_ISA_USAGE = YES_ERROR;
				CLANG_WARN_DOCUMENTATION_COMMENTS = YES;
				CLANG_WARN_EMPTY_BODY = YES;
				CLANG_WARN_ENUM_CONVERSION = YES;
				CLANG_WARN_INFINITE_RECURSION = YES;
				CLANG_WARN_INT_CONVERSION = YES;
				CLANG_WARN_OBJC_ROOT_CLASS = YES_ERROR;
				CLANG_WARN_SUSPICIOUS_MOVE = YES;
				CLANG_WARN_UNREACHABLE_CODE = YES;
				CLANG_WARN__DUPLICATE_METHOD_MATCH = YES;
				"CODE_SIGN_IDENTITY[sdk=iphoneos*]" = "iPhone Developer";
				COPY_PHASE_STRIP = NO;
				DEBUG_INFORMATION_FORMAT = "dwarf-with-dsym";
				ENABLE_NS_ASSERTIONS = NO;
				ENABLE_STRICT_OBJC_MSGSEND = YES;
				GCC_C_LANGUAGE_STANDARD = gnu99;
				GCC_NO_COMMON_BLOCKS = YES;
				GCC_WARN_64_TO_32_BIT_CONVERSION = YES;
				GCC_WARN_ABOUT_RETURN_TYPE = YES_ERROR;
				GCC_WARN_UNDECLARED_SELECTOR = YES;
				GCC_WARN_UNINITIALIZED_AUTOS = YES_AGGRESSIVE;
				GCC_WARN_UNUSED_FUNCTION = YES;
				GCC_WARN_UNUSED_VARIABLE = YES;
				IPHONEOS_DEPLOYMENT_TARGET = 10.3;
				MTL_ENABLE_DEBUG_INFO = NO;
				SDKROOT = iphoneos;
				SWIFT_OPTIMIZATION_LEVEL = "-Owholemodule";
				VALIDATE_PRODUCT = YES;
			};
			name = Release;
		};
		46A59D071EF9BCCC00EE5CAE /* Debug */ = {
			isa = XCBuildConfiguration;
			baseConfigurationReference = 8468583FF4A788681B3E14A5 /* Pods-Tippy.debug.xcconfig */;
			buildSettings = {
				ASSETCATALOG_COMPILER_APPICON_NAME = AppIcon;
				DEVELOPMENT_TEAM = JPLF4RZQB9;
				INFOPLIST_FILE = Tippy/Info.plist;
				LD_RUNPATH_SEARCH_PATHS = "$(inherited) @executable_path/Frameworks";
				PRODUCT_BUNDLE_IDENTIFIER = com.malvern.Tippy;
				PRODUCT_NAME = "$(TARGET_NAME)";
				SWIFT_VERSION = 3.0;
			};
			name = Debug;
		};
		46A59D081EF9BCCC00EE5CAE /* Release */ = {
			isa = XCBuildConfiguration;
			baseConfigurationReference = 96327D0A31D746513844EFA2 /* Pods-Tippy.release.xcconfig */;
			buildSettings = {
				ASSETCATALOG_COMPILER_APPICON_NAME = AppIcon;
				DEVELOPMENT_TEAM = JPLF4RZQB9;
				INFOPLIST_FILE = Tippy/Info.plist;
				LD_RUNPATH_SEARCH_PATHS = "$(inherited) @executable_path/Frameworks";
				PRODUCT_BUNDLE_IDENTIFIER = com.malvern.Tippy;
				PRODUCT_NAME = "$(TARGET_NAME)";
				SWIFT_VERSION = 3.0;
			};
			name = Release;
		};
		46A59D0A1EF9BCCC00EE5CAE /* Debug */ = {
			isa = XCBuildConfiguration;
			baseConfigurationReference = 20C35379C85B63E32573D1B9 /* Pods-TippyTests.debug.xcconfig */;
			buildSettings = {
				ALWAYS_EMBED_SWIFT_STANDARD_LIBRARIES = YES;
				BUNDLE_LOADER = "$(TEST_HOST)";
				DEVELOPMENT_TEAM = JPLF4RZQB9;
				INFOPLIST_FILE = TippyTests/Info.plist;
				LD_RUNPATH_SEARCH_PATHS = "$(inherited) @executable_path/Frameworks @loader_path/Frameworks";
				PRODUCT_BUNDLE_IDENTIFIER = com.malvern.TippyTests;
				PRODUCT_NAME = "$(TARGET_NAME)";
				SWIFT_VERSION = 3.0;
				TEST_HOST = "$(BUILT_PRODUCTS_DIR)/Tippy.app/Tippy";
			};
			name = Debug;
		};
		46A59D0B1EF9BCCC00EE5CAE /* Release */ = {
			isa = XCBuildConfiguration;
			baseConfigurationReference = 9286D2EDB4B75C4E040FAF3B /* Pods-TippyTests.release.xcconfig */;
			buildSettings = {
				ALWAYS_EMBED_SWIFT_STANDARD_LIBRARIES = YES;
				BUNDLE_LOADER = "$(TEST_HOST)";
				DEVELOPMENT_TEAM = JPLF4RZQB9;
				INFOPLIST_FILE = TippyTests/Info.plist;
				LD_RUNPATH_SEARCH_PATHS = "$(inherited) @executable_path/Frameworks @loader_path/Frameworks";
				PRODUCT_BUNDLE_IDENTIFIER = com.malvern.TippyTests;
				PRODUCT_NAME = "$(TARGET_NAME)";
				SWIFT_VERSION = 3.0;
				TEST_HOST = "$(BUILT_PRODUCTS_DIR)/Tippy.app/Tippy";
			};
			name = Release;
		};
		46A59D0D1EF9BCCC00EE5CAE /* Debug */ = {
			isa = XCBuildConfiguration;
			baseConfigurationReference = 3447AD3E5FFCCBCCF44D6D45 /* Pods-TippyUITests.debug.xcconfig */;
			buildSettings = {
				ALWAYS_EMBED_SWIFT_STANDARD_LIBRARIES = YES;
				DEVELOPMENT_TEAM = JPLF4RZQB9;
				INFOPLIST_FILE = TippyUITests/Info.plist;
				LD_RUNPATH_SEARCH_PATHS = "$(inherited) @executable_path/Frameworks @loader_path/Frameworks";
				PRODUCT_BUNDLE_IDENTIFIER = com.malvern.TippyUITests;
				PRODUCT_NAME = "$(TARGET_NAME)";
				SWIFT_VERSION = 3.0;
				TEST_TARGET_NAME = Tippy;
			};
			name = Debug;
		};
		46A59D0E1EF9BCCC00EE5CAE /* Release */ = {
			isa = XCBuildConfiguration;
			baseConfigurationReference = C515FD0D6E484029A717DD1A /* Pods-TippyUITests.release.xcconfig */;
			buildSettings = {
				ALWAYS_EMBED_SWIFT_STANDARD_LIBRARIES = YES;
				DEVELOPMENT_TEAM = JPLF4RZQB9;
				INFOPLIST_FILE = TippyUITests/Info.plist;
				LD_RUNPATH_SEARCH_PATHS = "$(inherited) @executable_path/Frameworks @loader_path/Frameworks";
				PRODUCT_BUNDLE_IDENTIFIER = com.malvern.TippyUITests;
				PRODUCT_NAME = "$(TARGET_NAME)";
				SWIFT_VERSION = 3.0;
				TEST_TARGET_NAME = Tippy;
			};
			name = Release;
		};
/* End XCBuildConfiguration section */

/* Begin XCConfigurationList section */
		46A59CD91EF9BCCB00EE5CAE /* Build configuration list for PBXProject "Tippy" */ = {
			isa = XCConfigurationList;
			buildConfigurations = (
				46A59D041EF9BCCC00EE5CAE /* Debug */,
				46A59D051EF9BCCC00EE5CAE /* Release */,
			);
			defaultConfigurationIsVisible = 0;
			defaultConfigurationName = Release;
		};
		46A59D061EF9BCCC00EE5CAE /* Build configuration list for PBXNativeTarget "Tippy" */ = {
			isa = XCConfigurationList;
			buildConfigurations = (
				46A59D071EF9BCCC00EE5CAE /* Debug */,
				46A59D081EF9BCCC00EE5CAE /* Release */,
			);
			defaultConfigurationIsVisible = 0;
			defaultConfigurationName = Release;
		};
		46A59D091EF9BCCC00EE5CAE /* Build configuration list for PBXNativeTarget "TippyTests" */ = {
			isa = XCConfigurationList;
			buildConfigurations = (
				46A59D0A1EF9BCCC00EE5CAE /* Debug */,
				46A59D0B1EF9BCCC00EE5CAE /* Release */,
			);
			defaultConfigurationIsVisible = 0;
			defaultConfigurationName = Release;
		};
		46A59D0C1EF9BCCC00EE5CAE /* Build configuration list for PBXNativeTarget "TippyUITests" */ = {
			isa = XCConfigurationList;
			buildConfigurations = (
				46A59D0D1EF9BCCC00EE5CAE /* Debug */,
				46A59D0E1EF9BCCC00EE5CAE /* Release */,
			);
			defaultConfigurationIsVisible = 0;
			defaultConfigurationName = Release;
		};
/* End XCConfigurationList section */
	};
	rootObject = 46A59CD61EF9BCCB00EE5CAE /* Project object */;
}
